
Microsoft Visual Studio Solution File, Format Version 12.00
# Visual Studio Version 17
VisualStudioVersion = 17.14.36511.14 d17.14
MinimumVisualStudioVersion = 10.0.40219.1
Project("{FAE04EC0-301F-11D3-BF4B-00C04F79EFBC}") = "Tugas6.9_Pramudya_XPPLG2", "Tugas6.9_Pramudya_XPPLG2\Tugas6.9_Pramudya_XPPLG2.csproj", "{8D533E8B-968F-4ED7-A0AF-6F9336BC2EAB}"
EndProject
Global
	GlobalSection(SolutionConfigurationPlatforms) = preSolution
		Debug|Any CPU = Debug|Any CPU
		Release|Any CPU = Release|Any CPU
	EndGlobalSection
	GlobalSection(ProjectConfigurationPlatforms) = postSolution
		{8D533E8B-968F-4ED7-A0AF-6F9336BC2EAB}.Debug|Any CPU.ActiveCfg = Debug|Any CPU
		{8D533E8B-968F-4ED7-A0AF-6F9336BC2EAB}.Debug|Any CPU.Build.0 = Debug|Any CPU
		{8D533E8B-968F-4ED7-A0AF-6F9336BC2EAB}.Release|Any CPU.ActiveCfg = Release|Any CPU
		{8D533E8B-968F-4ED7-A0AF-6F9336BC2EAB}.Release|Any CPU.Build.0 = Release|Any CPU
	EndGlobalSection
	GlobalSection(SolutionProperties) = preSolution
		HideSolutionNode = FALSE
	EndGlobalSection
	GlobalSection(ExtensibilityGlobals) = postSolution
		SolutionGuid = {511A6E49-F9CD-4BE4-AC9D-1BC249DFBA76}
	EndGlobalSection
EndGlobal
