
Microsoft Visual Studio Solution File, Format Version 12.00
# Visual Studio Version 17
VisualStudioVersion = 17.14.36511.14 d17.14
MinimumVisualStudioVersion = 10.0.40219.1
Project("{FAE04EC0-301F-11D3-BF4B-00C04F79EFBC}") = "Praktik7.3_Kalkulator_Pramudya_XPPLG2", "Praktik7.3_Kalkulator_Pramudya_XPPLG2\Praktik7.3_Kalkulator_Pramudya_XPPLG2.csproj", "{F73BCB00-AF3B-45C2-8A20-581B111054F8}"
EndProject
Global
	GlobalSection(SolutionConfigurationPlatforms) = preSolution
		Debug|Any CPU = Debug|Any CPU
		Release|Any CPU = Release|Any CPU
	EndGlobalSection
	GlobalSection(ProjectConfigurationPlatforms) = postSolution
		{F73BCB00-AF3B-45C2-8A20-581B111054F8}.Debug|Any CPU.ActiveCfg = Debug|Any CPU
		{F73BCB00-AF3B-45C2-8A20-581B111054F8}.Debug|Any CPU.Build.0 = Debug|Any CPU
		{F73BCB00-AF3B-45C2-8A20-581B111054F8}.Release|Any CPU.ActiveCfg = Release|Any CPU
		{F73BCB00-AF3B-45C2-8A20-581B111054F8}.Release|Any CPU.Build.0 = Release|Any CPU
	EndGlobalSection
	GlobalSection(SolutionProperties) = preSolution
		HideSolutionNode = FALSE
	EndGlobalSection
	GlobalSection(ExtensibilityGlobals) = postSolution
		SolutionGuid = {F87D2F52-0B9D-4583-9DEC-69A758030BE6}
	EndGlobalSection
EndGlobal
