
Microsoft Visual Studio Solution File, Format Version 12.00
# Visual Studio Version 17
VisualStudioVersion = 17.14.36511.14 d17.14
MinimumVisualStudioVersion = 10.0.40219.1
Project("{FAE04EC0-301F-11D3-BF4B-00C04F79EFBC}") = "Praktik7.2_Pramudya_XPPLG2", "Praktik7.2_Pramudya_XPPLG2\Praktik7.2_Pramudya_XPPLG2.csproj", "{EA211976-0926-4DC9-B2EE-7AE391A6A733}"
EndProject
Global
	GlobalSection(SolutionConfigurationPlatforms) = preSolution
		Debug|Any CPU = Debug|Any CPU
		Release|Any CPU = Release|Any CPU
	EndGlobalSection
	GlobalSection(ProjectConfigurationPlatforms) = postSolution
		{EA211976-0926-4DC9-B2EE-7AE391A6A733}.Debug|Any CPU.ActiveCfg = Debug|Any CPU
		{EA211976-0926-4DC9-B2EE-7AE391A6A733}.Debug|Any CPU.Build.0 = Debug|Any CPU
		{EA211976-0926-4DC9-B2EE-7AE391A6A733}.Release|Any CPU.ActiveCfg = Release|Any CPU
		{EA211976-0926-4DC9-B2EE-7AE391A6A733}.Release|Any CPU.Build.0 = Release|Any CPU
	EndGlobalSection
	GlobalSection(SolutionProperties) = preSolution
		HideSolutionNode = FALSE
	EndGlobalSection
	GlobalSection(ExtensibilityGlobals) = postSolution
		SolutionGuid = {E47B63D3-4B97-4DCF-894A-67BF013B816D}
	EndGlobalSection
EndGlobal
