
Microsoft Visual Studio Solution File, Format Version 12.00
# Visual Studio Version 17
VisualStudioVersion = 17.14.36511.14 d17.14
MinimumVisualStudioVersion = 10.0.40219.1
Project("{FAE04EC0-301F-11D3-BF4B-00C04F79EFBC}") = "Praktik6.4_Pramudya_XPPLG2", "Praktik6.4_Pramudya_XPPLG2\Praktik6.4_Pramudya_XPPLG2.csproj", "{A4E927A9-DB41-4DE7-BBBD-FF19B16A0950}"
EndProject
Global
	GlobalSection(SolutionConfigurationPlatforms) = preSolution
		Debug|Any CPU = Debug|Any CPU
		Release|Any CPU = Release|Any CPU
	EndGlobalSection
	GlobalSection(ProjectConfigurationPlatforms) = postSolution
		{A4E927A9-DB41-4DE7-BBBD-FF19B16A0950}.Debug|Any CPU.ActiveCfg = Debug|Any CPU
		{A4E927A9-DB41-4DE7-BBBD-FF19B16A0950}.Debug|Any CPU.Build.0 = Debug|Any CPU
		{A4E927A9-DB41-4DE7-BBBD-FF19B16A0950}.Release|Any CPU.ActiveCfg = Release|Any CPU
		{A4E927A9-DB41-4DE7-BBBD-FF19B16A0950}.Release|Any CPU.Build.0 = Release|Any CPU
	EndGlobalSection
	GlobalSection(SolutionProperties) = preSolution
		HideSolutionNode = FALSE
	EndGlobalSection
	GlobalSection(ExtensibilityGlobals) = postSolution
		SolutionGuid = {DD8EF225-F675-47CC-97B1-F68DA26B8EC4}
	EndGlobalSection
EndGlobal
