
Microsoft Visual Studio Solution File, Format Version 12.00
# Visual Studio Version 17
VisualStudioVersion = 17.14.36511.14 d17.14
MinimumVisualStudioVersion = 10.0.40219.1
Project("{FAE04EC0-301F-11D3-BF4B-00C04F79EFBC}") = "Praktik7.3_Pramudya_XPPLG2", "Praktik7.3_Pramudya_XPPLG2\Praktik7.3_Pramudya_XPPLG2.csproj", "{BE6A88EC-6A26-44CF-A308-F31FE0803FE8}"
EndProject
Global
	GlobalSection(SolutionConfigurationPlatforms) = preSolution
		Debug|Any CPU = Debug|Any CPU
		Release|Any CPU = Release|Any CPU
	EndGlobalSection
	GlobalSection(ProjectConfigurationPlatforms) = postSolution
		{BE6A88EC-6A26-44CF-A308-F31FE0803FE8}.Debug|Any CPU.ActiveCfg = Debug|Any CPU
		{BE6A88EC-6A26-44CF-A308-F31FE0803FE8}.Debug|Any CPU.Build.0 = Debug|Any CPU
		{BE6A88EC-6A26-44CF-A308-F31FE0803FE8}.Release|Any CPU.ActiveCfg = Release|Any CPU
		{BE6A88EC-6A26-44CF-A308-F31FE0803FE8}.Release|Any CPU.Build.0 = Release|Any CPU
	EndGlobalSection
	GlobalSection(SolutionProperties) = preSolution
		HideSolutionNode = FALSE
	EndGlobalSection
	GlobalSection(ExtensibilityGlobals) = postSolution
		SolutionGuid = {65EA2E80-3A00-4A19-B6B8-73312FC5B66A}
	EndGlobalSection
EndGlobal
